// !$*UTF8*$!
{
	archiveVersion = 1;
	classes = {
	};
	objectVersion = 56;
	objects = {

/* Begin PBXBuildFile section */
		184D92C239BB48F8D53C929C /* Pods_SwiftCollectionsTests.framework in Frameworks */ = {isa = PBXBuildFile; fileRef = 960838A3D2FBCEDF3574D3FE /* Pods_SwiftCollectionsTests.framework */; };
		D200AD2528FD02E800B43F52 /* Info.plist in Resources */ = {isa = PBXBuildFile; fileRef = D200AD2428FD02E800B43F52 /* Info.plist */; };
		D23FF0C925AD9B5200D755D9 /* AppDelegate.swift in Sources */ = {isa = PBXBuildFile; fileRef = D23FF0C825AD9B5200D755D9 /* AppDelegate.swift */; };
		D23FF0CD25AD9B5200D755D9 /* ViewController.swift in Sources */ = {isa = PBXBuildFile; fileRef = D23FF0CC25AD9B5200D755D9 /* ViewController.swift */; };
		D23FF0D025AD9B5200D755D9 /* Main.storyboard in Resources */ = {isa = PBXBuildFile; fileRef = D23FF0CE25AD9B5200D755D9 /* Main.storyboard */; };
		D23FF0D225AD9B5500D755D9 /* Assets.xcassets in Resources */ = {isa = PBXBuildFile; fileRef = D23FF0D125AD9B5500D755D9 /* Assets.xcassets */; };
		D23FF0D525AD9B5500D755D9 /* LaunchScreen.storyboard in Resources */ = {isa = PBXBuildFile; fileRef = D23FF0D325AD9B5500D755D9 /* LaunchScreen.storyboard */; };
		D23FF0E325AD9C5600D755D9 /* SwiftCollectionsTests.swift in Sources */ = {isa = PBXBuildFile; fileRef = D23FF0E225AD9C5600D755D9 /* SwiftCollectionsTests.swift */; };
		D23FF0E525AD9C5600D755D9 /* SwiftCollections.framework in Frameworks */ = {isa = PBXBuildFile; fileRef = D27A8A1D25203F1A006A6125 /* SwiftCollections.framework */; platformFilter = ios; };
		D27659222B99DE260075B3BF /* SwiftCollectionsUtilities.podspec in Resources */ = {isa = PBXBuildFile; fileRef = D27659212B99DE260075B3BF /* SwiftCollectionsUtilities.podspec */; };
		D4F0D047CB180AF2953762AA /* Pods_SwiftCollectionsDemo.framework in Frameworks */ = {isa = PBXBuildFile; fileRef = F58A8446DADE7600EECC7280 /* Pods_SwiftCollectionsDemo.framework */; };
		DDC34657B9A2014075913265 /* Pods_SwiftCollections.framework in Frameworks */ = {isa = PBXBuildFile; fileRef = 6CF52AC75AB51F92F4E21E4C /* Pods_SwiftCollections.framework */; };
/* End PBXBuildFile section */

/* Begin PBXContainerItemProxy section */
		D23FF0E625AD9C5600D755D9 /* PBXContainerItemProxy */ = {
			isa = PBXContainerItemProxy;
			containerPortal = D27A8A1425203F1A006A6125 /* Project object */;
			proxyType = 1;
			remoteGlobalIDString = D27A8A1C25203F1A006A6125;
			remoteInfo = SwiftCollections;
		};
		D23FF2BF25ADBF1100D755D9 /* PBXContainerItemProxy */ = {
			isa = PBXContainerItemProxy;
			containerPortal = D27A8A1425203F1A006A6125 /* Project object */;
			proxyType = 1;
			remoteGlobalIDString = D27A8A1C25203F1A006A6125;
			remoteInfo = SwiftCollections;
		};
		D2961C242BF0EBBC00FF7B28 /* PBXContainerItemProxy */ = {
			isa = PBXContainerItemProxy;
			containerPortal = D27A8A1425203F1A006A6125 /* Project object */;
			proxyType = 1;
			remoteGlobalIDString = D23FF0C525AD9B5200D755D9;
			remoteInfo = SwiftCollectionsDemo;
		};
/* End PBXContainerItemProxy section */

/* Begin PBXFileReference section */
		3F886D1648B465A6C0ECA79B /* Pods-SwiftCollectionsDemo.release.xcconfig */ = {isa = PBXFileReference; includeInIndex = 1; lastKnownFileType = text.xcconfig; name = "Pods-SwiftCollectionsDemo.release.xcconfig"; path = "Target Support Files/Pods-SwiftCollectionsDemo/Pods-SwiftCollectionsDemo.release.xcconfig"; sourceTree = "<group>"; };
		6CF52AC75AB51F92F4E21E4C /* Pods_SwiftCollections.framework */ = {isa = PBXFileReference; explicitFileType = wrapper.framework; includeInIndex = 0; path = Pods_SwiftCollections.framework; sourceTree = BUILT_PRODUCTS_DIR; };
		6E85C0BA8996F3206C20DC13 /* Pods-SwiftCollectionsTests.debug.xcconfig */ = {isa = PBXFileReference; includeInIndex = 1; lastKnownFileType = text.xcconfig; name = "Pods-SwiftCollectionsTests.debug.xcconfig"; path = "Target Support Files/Pods-SwiftCollectionsTests/Pods-SwiftCollectionsTests.debug.xcconfig"; sourceTree = "<group>"; };
		7460133C65F240D8C6E13D6C /* Pods-SwiftCollections.release.xcconfig */ = {isa = PBXFileReference; includeInIndex = 1; lastKnownFileType = text.xcconfig; name = "Pods-SwiftCollections.release.xcconfig"; path = "Target Support Files/Pods-SwiftCollections/Pods-SwiftCollections.release.xcconfig"; sourceTree = "<group>"; };
		960838A3D2FBCEDF3574D3FE /* Pods_SwiftCollectionsTests.framework */ = {isa = PBXFileReference; explicitFileType = wrapper.framework; includeInIndex = 0; path = Pods_SwiftCollectionsTests.framework; sourceTree = BUILT_PRODUCTS_DIR; };
		B34FFAA8DDB8308943B31C50 /* Pods-SwiftCollectionsTests.release.xcconfig */ = {isa = PBXFileReference; includeInIndex = 1; lastKnownFileType = text.xcconfig; name = "Pods-SwiftCollectionsTests.release.xcconfig"; path = "Target Support Files/Pods-SwiftCollectionsTests/Pods-SwiftCollectionsTests.release.xcconfig"; sourceTree = "<group>"; };
		BCD020995E13F399921017F5 /* Pods-SwiftCollections.debug.xcconfig */ = {isa = PBXFileReference; includeInIndex = 1; lastKnownFileType = text.xcconfig; name = "Pods-SwiftCollections.debug.xcconfig"; path = "Target Support Files/Pods-SwiftCollections/Pods-SwiftCollections.debug.xcconfig"; sourceTree = "<group>"; };
		D200AD2428FD02E800B43F52 /* Info.plist */ = {isa = PBXFileReference; fileEncoding = 4; lastKnownFileType = text.plist.xml; path = Info.plist; sourceTree = "<group>"; };
		D23FF0C625AD9B5200D755D9 /* SwiftCollectionsDemo.app */ = {isa = PBXFileReference; explicitFileType = wrapper.application; includeInIndex = 0; path = SwiftCollectionsDemo.app; sourceTree = BUILT_PRODUCTS_DIR; };
		D23FF0C825AD9B5200D755D9 /* AppDelegate.swift */ = {isa = PBXFileReference; lastKnownFileType = sourcecode.swift; path = AppDelegate.swift; sourceTree = "<group>"; };
		D23FF0CC25AD9B5200D755D9 /* ViewController.swift */ = {isa = PBXFileReference; lastKnownFileType = sourcecode.swift; path = ViewController.swift; sourceTree = "<group>"; };
		D23FF0CF25AD9B5200D755D9 /* Base */ = {isa = PBXFileReference; lastKnownFileType = file.storyboard; name = Base; path = Base.lproj/Main.storyboard; sourceTree = "<group>"; };
		D23FF0D125AD9B5500D755D9 /* Assets.xcassets */ = {isa = PBXFileReference; lastKnownFileType = folder.assetcatalog; path = Assets.xcassets; sourceTree = "<group>"; };
		D23FF0D425AD9B5500D755D9 /* Base */ = {isa = PBXFileReference; lastKnownFileType = file.storyboard; name = Base; path = Base.lproj/LaunchScreen.storyboard; sourceTree = "<group>"; };
		D23FF0D625AD9B5500D755D9 /* Info.plist */ = {isa = PBXFileReference; lastKnownFileType = text.plist.xml; path = Info.plist; sourceTree = "<group>"; };
		D23FF0E025AD9C5600D755D9 /* SwiftCollectionsTests.xctest */ = {isa = PBXFileReference; explicitFileType = wrapper.cfbundle; includeInIndex = 0; path = SwiftCollectionsTests.xctest; sourceTree = BUILT_PRODUCTS_DIR; };
		D23FF0E225AD9C5600D755D9 /* SwiftCollectionsTests.swift */ = {isa = PBXFileReference; lastKnownFileType = sourcecode.swift; path = SwiftCollectionsTests.swift; sourceTree = "<group>"; };
		D27659212B99DE260075B3BF /* SwiftCollectionsUtilities.podspec */ = {isa = PBXFileReference; lastKnownFileType = text; path = SwiftCollectionsUtilities.podspec; sourceTree = SOURCE_ROOT; };
		D27A8A1D25203F1A006A6125 /* SwiftCollections.framework */ = {isa = PBXFileReference; explicitFileType = wrapper.framework; includeInIndex = 0; path = SwiftCollections.framework; sourceTree = BUILT_PRODUCTS_DIR; };
		D297DB782568F6390096BD54 /* Info.plist */ = {isa = PBXFileReference; fileEncoding = 4; lastKnownFileType = text.plist.xml; path = Info.plist; sourceTree = "<group>"; };
		D2F3DFA0269FD3D8006DB903 /* SwiftCollectionsDemo.entitlements */ = {isa = PBXFileReference; lastKnownFileType = text.plist.entitlements; path = SwiftCollectionsDemo.entitlements; sourceTree = "<group>"; };
		D2FCEA6A25F9F779005EAA15 /* SwiftCollections.podspec */ = {isa = PBXFileReference; indentWidth = 2; lastKnownFileType = text; path = SwiftCollections.podspec; sourceTree = SOURCE_ROOT; tabWidth = 2; xcLanguageSpecificationIdentifier = xcode.lang.ruby; };
		F58A8446DADE7600EECC7280 /* Pods_SwiftCollectionsDemo.framework */ = {isa = PBXFileReference; explicitFileType = wrapper.framework; includeInIndex = 0; path = Pods_SwiftCollectionsDemo.framework; sourceTree = BUILT_PRODUCTS_DIR; };
		FDA51E120C1B81C21A0944C2 /* Pods-SwiftCollectionsDemo.debug.xcconfig */ = {isa = PBXFileReference; includeInIndex = 1; lastKnownFileType = text.xcconfig; name = "Pods-SwiftCollectionsDemo.debug.xcconfig"; path = "Target Support Files/Pods-SwiftCollectionsDemo/Pods-SwiftCollectionsDemo.debug.xcconfig"; sourceTree = "<group>"; };
/* End PBXFileReference section */

/* Begin PBXFrameworksBuildPhase section */
		D23FF0C325AD9B5200D755D9 /* Frameworks */ = {
			isa = PBXFrameworksBuildPhase;
			buildActionMask = 2147483647;
			files = (
				D4F0D047CB180AF2953762AA /* Pods_SwiftCollectionsDemo.framework in Frameworks */,
			);
			runOnlyForDeploymentPostprocessing = 0;
		};
		D23FF0DD25AD9C5600D755D9 /* Frameworks */ = {
			isa = PBXFrameworksBuildPhase;
			buildActionMask = 2147483647;
			files = (
				D23FF0E525AD9C5600D755D9 /* SwiftCollections.framework in Frameworks */,
				184D92C239BB48F8D53C929C /* Pods_SwiftCollectionsTests.framework in Frameworks */,
			);
			runOnlyForDeploymentPostprocessing = 0;
		};
		D27A8A1A25203F1A006A6125 /* Frameworks */ = {
			isa = PBXFrameworksBuildPhase;
			buildActionMask = 2147483647;
			files = (
				DDC34657B9A2014075913265 /* Pods_SwiftCollections.framework in Frameworks */,
			);
			runOnlyForDeploymentPostprocessing = 0;
		};
/* End PBXFrameworksBuildPhase section */

/* Begin PBXGroup section */
		1AF4F9DBB3FC185CD3F8FA45 /* Frameworks */ = {
			isa = PBXGroup;
			children = (
				6CF52AC75AB51F92F4E21E4C /* Pods_SwiftCollections.framework */,
				F58A8446DADE7600EECC7280 /* Pods_SwiftCollectionsDemo.framework */,
				960838A3D2FBCEDF3574D3FE /* Pods_SwiftCollectionsTests.framework */,
			);
			name = Frameworks;
			sourceTree = "<group>";
		};
		6B8889DBE9C693BF2958935B /* Pods */ = {
			isa = PBXGroup;
			children = (
				BCD020995E13F399921017F5 /* Pods-SwiftCollections.debug.xcconfig */,
				7460133C65F240D8C6E13D6C /* Pods-SwiftCollections.release.xcconfig */,
				FDA51E120C1B81C21A0944C2 /* Pods-SwiftCollectionsDemo.debug.xcconfig */,
				3F886D1648B465A6C0ECA79B /* Pods-SwiftCollectionsDemo.release.xcconfig */,
				6E85C0BA8996F3206C20DC13 /* Pods-SwiftCollectionsTests.debug.xcconfig */,
				B34FFAA8DDB8308943B31C50 /* Pods-SwiftCollectionsTests.release.xcconfig */,
			);
			path = Pods;
			sourceTree = "<group>";
		};
		D200AD2328FD01F400B43F52 /* SupportingFiles */ = {
			isa = PBXGroup;
			children = (
				D200AD2428FD02E800B43F52 /* Info.plist */,
			);
			path = SupportingFiles;
			sourceTree = "<group>";
		};
		D23DCF1D2595CCAC004EB5E3 /* SupportingFiles */ = {
			isa = PBXGroup;
			children = (
				D297DB782568F6390096BD54 /* Info.plist */,
				D2FCEA6A25F9F779005EAA15 /* SwiftCollections.podspec */,
				D27659212B99DE260075B3BF /* SwiftCollectionsUtilities.podspec */,
			);
			path = SupportingFiles;
			sourceTree = "<group>";
		};
		D23FF0C725AD9B5200D755D9 /* SwiftCollectionsDemo */ = {
			isa = PBXGroup;
			children = (
				D23FF0C825AD9B5200D755D9 /* AppDelegate.swift */,
				D23FF0CC25AD9B5200D755D9 /* ViewController.swift */,
				D2A3333927D0A20300705185 /* SupportingFiles */,
			);
			path = SwiftCollectionsDemo;
			sourceTree = "<group>";
		};
		D23FF0E125AD9C5600D755D9 /* SwiftCollectionsTests */ = {
			isa = PBXGroup;
			children = (
				D23FF0E225AD9C5600D755D9 /* SwiftCollectionsTests.swift */,
				D200AD2328FD01F400B43F52 /* SupportingFiles */,
			);
			path = SwiftCollectionsTests;
			sourceTree = "<group>";
		};
		D27A8A1325203F1A006A6125 = {
			isa = PBXGroup;
			children = (
				D27A8A1F25203F1A006A6125 /* SwiftCollections */,
				D23FF0C725AD9B5200D755D9 /* SwiftCollectionsDemo */,
				D23FF0E125AD9C5600D755D9 /* SwiftCollectionsTests */,
				D27A8A1E25203F1A006A6125 /* Products */,
				6B8889DBE9C693BF2958935B /* Pods */,
				1AF4F9DBB3FC185CD3F8FA45 /* Frameworks */,
			);
			sourceTree = "<group>";
		};
		D27A8A1E25203F1A006A6125 /* Products */ = {
			isa = PBXGroup;
			children = (
				D27A8A1D25203F1A006A6125 /* SwiftCollections.framework */,
				D23FF0C625AD9B5200D755D9 /* SwiftCollectionsDemo.app */,
				D23FF0E025AD9C5600D755D9 /* SwiftCollectionsTests.xctest */,
			);
			name = Products;
			sourceTree = "<group>";
		};
		D27A8A1F25203F1A006A6125 /* SwiftCollections */ = {
			isa = PBXGroup;
			children = (
				D23DCF1D2595CCAC004EB5E3 /* SupportingFiles */,
			);
			path = SwiftCollections;
			sourceTree = "<group>";
		};
		D2A3333927D0A20300705185 /* SupportingFiles */ = {
			isa = PBXGroup;
			children = (
				D23FF0CE25AD9B5200D755D9 /* Main.storyboard */,
				D23FF0D325AD9B5500D755D9 /* LaunchScreen.storyboard */,
				D23FF0D125AD9B5500D755D9 /* Assets.xcassets */,
				D2F3DFA0269FD3D8006DB903 /* SwiftCollectionsDemo.entitlements */,
				D23FF0D625AD9B5500D755D9 /* Info.plist */,
			);
			path = SupportingFiles;
			sourceTree = "<group>";
		};
/* End PBXGroup section */

/* Begin PBXHeadersBuildPhase section */
		D27A8A1825203F1A006A6125 /* Headers */ = {
			isa = PBXHeadersBuildPhase;
			buildActionMask = 2147483647;
			files = (
			);
			runOnlyForDeploymentPostprocessing = 0;
		};
/* End PBXHeadersBuildPhase section */

/* Begin PBXNativeTarget section */
		D23FF0C525AD9B5200D755D9 /* SwiftCollectionsDemo */ = {
			isa = PBXNativeTarget;
			buildConfigurationList = D23FF0D925AD9B5500D755D9 /* Build configuration list for PBXNativeTarget "SwiftCollectionsDemo" */;
			buildPhases = (
				C8DD3B8DAAC3CCB3C50AFE1B /* [CP] Check Pods Manifest.lock */,
				D23FF0C225AD9B5200D755D9 /* Sources */,
				D23FF0C325AD9B5200D755D9 /* Frameworks */,
				D23FF0C425AD9B5200D755D9 /* Resources */,
			);
			buildRules = (
			);
			dependencies = (
				D23FF2C025ADBF1100D755D9 /* PBXTargetDependency */,
			);
			name = SwiftCollectionsDemo;
			productName = SwiftCollectionsDemo;
			productReference = D23FF0C625AD9B5200D755D9 /* SwiftCollectionsDemo.app */;
			productType = "com.apple.product-type.application";
		};
		D23FF0DF25AD9C5600D755D9 /* SwiftCollectionsTests */ = {
			isa = PBXNativeTarget;
			buildConfigurationList = D23FF0E825AD9C5600D755D9 /* Build configuration list for PBXNativeTarget "SwiftCollectionsTests" */;
			buildPhases = (
				359E2B28E05B984CB1436A13 /* [CP] Check Pods Manifest.lock */,
				D23FF0DC25AD9C5600D755D9 /* Sources */,
				D23FF0DD25AD9C5600D755D9 /* Frameworks */,
				D23FF0DE25AD9C5600D755D9 /* Resources */,
			);
			buildRules = (
			);
			dependencies = (
				D23FF0E725AD9C5600D755D9 /* PBXTargetDependency */,
				D2961C252BF0EBBC00FF7B28 /* PBXTargetDependency */,
			);
			name = SwiftCollectionsTests;
			productName = SwiftCollectionsTests;
			productReference = D23FF0E025AD9C5600D755D9 /* SwiftCollectionsTests.xctest */;
			productType = "com.apple.product-type.bundle.unit-test";
		};
		D27A8A1C25203F1A006A6125 /* SwiftCollections */ = {
			isa = PBXNativeTarget;
			buildConfigurationList = D27A8A2525203F1A006A6125 /* Build configuration list for PBXNativeTarget "SwiftCollections" */;
			buildPhases = (
				8EC21F3285E2E7BA1689EE40 /* [CP] Check Pods Manifest.lock */,
				D27A8A1825203F1A006A6125 /* Headers */,
				D27A8A1925203F1A006A6125 /* Sources */,
				D27A8A1A25203F1A006A6125 /* Frameworks */,
				D27A8A1B25203F1A006A6125 /* Resources */,
			);
			buildRules = (
			);
			dependencies = (
			);
			name = SwiftCollections;
			productName = SwiftCollections;
			productReference = D27A8A1D25203F1A006A6125 /* SwiftCollections.framework */;
			productType = "com.apple.product-type.framework";
		};
/* End PBXNativeTarget section */

/* Begin PBXProject section */
		D27A8A1425203F1A006A6125 /* Project object */ = {
			isa = PBXProject;
			attributes = {
				BuildIndependentTargetsInParallel = YES;
				LastSwiftUpdateCheck = 1230;
				LastUpgradeCheck = 1430;
				ORGANIZATIONNAME = KamiVision;
				TargetAttributes = {
					D23FF0C525AD9B5200D755D9 = {
						CreatedOnToolsVersion = 12.3;
					};
					D23FF0DF25AD9C5600D755D9 = {
						CreatedOnToolsVersion = 12.3;
						TestTargetID = D23FF0C525AD9B5200D755D9;
					};
					D27A8A1C25203F1A006A6125 = {
						CreatedOnToolsVersion = 11.7;
						LastSwiftMigration = 1170;
					};
				};
			};
			buildConfigurationList = D27A8A1725203F1A006A6125 /* Build configuration list for PBXProject "SwiftCollections" */;
			compatibilityVersion = "Xcode 14.0";
			developmentRegion = en;
			hasScannedForEncodings = 0;
			knownRegions = (
				en,
				Base,
			);
			mainGroup = D27A8A1325203F1A006A6125;
			productRefGroup = D27A8A1E25203F1A006A6125 /* Products */;
			projectDirPath = "";
			projectRoot = "";
			targets = (
				D27A8A1C25203F1A006A6125 /* SwiftCollections */,
				D23FF0C525AD9B5200D755D9 /* SwiftCollectionsDemo */,
				D23FF0DF25AD9C5600D755D9 /* SwiftCollectionsTests */,
			);
		};
/* End PBXProject section */

/* Begin PBXResourcesBuildPhase section */
		D23FF0C425AD9B5200D755D9 /* Resources */ = {
			isa = PBXResourcesBuildPhase;
			buildActionMask = 2147483647;
			files = (
				D23FF0D525AD9B5500D755D9 /* LaunchScreen.storyboard in Resources */,
				D23FF0D225AD9B5500D755D9 /* Assets.xcassets in Resources */,
				D23FF0D025AD9B5200D755D9 /* Main.storyboard in Resources */,
			);
			runOnlyForDeploymentPostprocessing = 0;
		};
		D23FF0DE25AD9C5600D755D9 /* Resources */ = {
			isa = PBXResourcesBuildPhase;
			buildActionMask = 2147483647;
			files = (
				D200AD2528FD02E800B43F52 /* Info.plist in Resources */,
			);
			runOnlyForDeploymentPostprocessing = 0;
		};
		D27A8A1B25203F1A006A6125 /* Resources */ = {
			isa = PBXResourcesBuildPhase;
			buildActionMask = 2147483647;
			files = (
				D27659222B99DE260075B3BF /* SwiftCollectionsUtilities.podspec in Resources */,
			);
			runOnlyForDeploymentPostprocessing = 0;
		};
/* End PBXResourcesBuildPhase section */

/* Begin PBXShellScriptBuildPhase section */
		359E2B28E05B984CB1436A13 /* [CP] Check Pods Manifest.lock */ = {
			isa = PBXShellScriptBuildPhase;
			buildActionMask = 2147483647;
			files = (
			);
			inputFileListPaths = (
			);
			inputPaths = (
				"${PODS_PODFILE_DIR_PATH}/Podfile.lock",
				"${PODS_ROOT}/Manifest.lock",
			);
			name = "[CP] Check Pods Manifest.lock";
			outputFileListPaths = (
			);
			outputPaths = (
				"$(DERIVED_FILE_DIR)/Pods-SwiftCollectionsTests-checkManifestLockResult.txt",
			);
			runOnlyForDeploymentPostprocessing = 0;
			shellPath = /bin/sh;
			shellScript = "diff \"${PODS_PODFILE_DIR_PATH}/Podfile.lock\" \"${PODS_ROOT}/Manifest.lock\" > /dev/null\nif [ $? != 0 ] ; then\n    # print error to STDERR\n    echo \"error: The sandbox is not in sync with the Podfile.lock. Run 'pod install' or update your CocoaPods installation.\" >&2\n    exit 1\nfi\n# This output is used by Xcode 'outputs' to avoid re-running this script phase.\necho \"SUCCESS\" > \"${SCRIPT_OUTPUT_FILE_0}\"\n";
			showEnvVarsInLog = 0;
		};
		8EC21F3285E2E7BA1689EE40 /* [CP] Check Pods Manifest.lock */ = {
			isa = PBXShellScriptBuildPhase;
			buildActionMask = 2147483647;
			files = (
			);
			inputFileListPaths = (
			);
			inputPaths = (
				"${PODS_PODFILE_DIR_PATH}/Podfile.lock",
				"${PODS_ROOT}/Manifest.lock",
			);
			name = "[CP] Check Pods Manifest.lock";
			outputFileListPaths = (
			);
			outputPaths = (
				"$(DERIVED_FILE_DIR)/Pods-SwiftCollections-checkManifestLockResult.txt",
			);
			runOnlyForDeploymentPostprocessing = 0;
			shellPath = /bin/sh;
			shellScript = "diff \"${PODS_PODFILE_DIR_PATH}/Podfile.lock\" \"${PODS_ROOT}/Manifest.lock\" > /dev/null\nif [ $? != 0 ] ; then\n    # print error to STDERR\n    echo \"error: The sandbox is not in sync with the Podfile.lock. Run 'pod install' or update your CocoaPods installation.\" >&2\n    exit 1\nfi\n# This output is used by Xcode 'outputs' to avoid re-running this script phase.\necho \"SUCCESS\" > \"${SCRIPT_OUTPUT_FILE_0}\"\n";
			showEnvVarsInLog = 0;
		};
		C8DD3B8DAAC3CCB3C50AFE1B /* [CP] Check Pods Manifest.lock */ = {
			isa = PBXShellScriptBuildPhase;
			buildActionMask = 2147483647;
			files = (
			);
			inputFileListPaths = (
			);
			inputPaths = (
				"${PODS_PODFILE_DIR_PATH}/Podfile.lock",
				"${PODS_ROOT}/Manifest.lock",
			);
			name = "[CP] Check Pods Manifest.lock";
			outputFileListPaths = (
			);
			outputPaths = (
				"$(DERIVED_FILE_DIR)/Pods-SwiftCollectionsDemo-checkManifestLockResult.txt",
			);
			runOnlyForDeploymentPostprocessing = 0;
			shellPath = /bin/sh;
			shellScript = "diff \"${PODS_PODFILE_DIR_PATH}/Podfile.lock\" \"${PODS_ROOT}/Manifest.lock\" > /dev/null\nif [ $? != 0 ] ; then\n    # print error to STDERR\n    echo \"error: The sandbox is not in sync with the Podfile.lock. Run 'pod install' or update your CocoaPods installation.\" >&2\n    exit 1\nfi\n# This output is used by Xcode 'outputs' to avoid re-running this script phase.\necho \"SUCCESS\" > \"${SCRIPT_OUTPUT_FILE_0}\"\n";
			showEnvVarsInLog = 0;
		};
/* End PBXShellScriptBuildPhase section */

/* Begin PBXSourcesBuildPhase section */
		D23FF0C225AD9B5200D755D9 /* Sources */ = {
			isa = PBXSourcesBuildPhase;
			buildActionMask = 2147483647;
			files = (
				D23FF0CD25AD9B5200D755D9 /* ViewController.swift in Sources */,
				D23FF0C925AD9B5200D755D9 /* AppDelegate.swift in Sources */,
			);
			runOnlyForDeploymentPostprocessing = 0;
		};
		D23FF0DC25AD9C5600D755D9 /* Sources */ = {
			isa = PBXSourcesBuildPhase;
			buildActionMask = 2147483647;
			files = (
				D23FF0E325AD9C5600D755D9 /* SwiftCollectionsTests.swift in Sources */,
			);
			runOnlyForDeploymentPostprocessing = 0;
		};
		D27A8A1925203F1A006A6125 /* Sources */ = {
			isa = PBXSourcesBuildPhase;
			buildActionMask = 2147483647;
			files = (
			);
			runOnlyForDeploymentPostprocessing = 0;
		};
/* End PBXSourcesBuildPhase section */

/* Begin PBXTargetDependency section */
		D23FF0E725AD9C5600D755D9 /* PBXTargetDependency */ = {
			isa = PBXTargetDependency;
			platformFilter = ios;
			target = D27A8A1C25203F1A006A6125 /* SwiftCollections */;
			targetProxy = D23FF0E625AD9C5600D755D9 /* PBXContainerItemProxy */;
		};
		D23FF2C025ADBF1100D755D9 /* PBXTargetDependency */ = {
			isa = PBXTargetDependency;
			platformFilter = ios;
			target = D27A8A1C25203F1A006A6125 /* SwiftCollections */;
			targetProxy = D23FF2BF25ADBF1100D755D9 /* PBXContainerItemProxy */;
		};
		D2961C252BF0EBBC00FF7B28 /* PBXTargetDependency */ = {
			isa = PBXTargetDependency;
			target = D23FF0C525AD9B5200D755D9 /* SwiftCollectionsDemo */;
			targetProxy = D2961C242BF0EBBC00FF7B28 /* PBXContainerItemProxy */;
		};
/* End PBXTargetDependency section */

/* Begin PBXVariantGroup section */
		D23FF0CE25AD9B5200D755D9 /* Main.storyboard */ = {
			isa = PBXVariantGroup;
			children = (
				D23FF0CF25AD9B5200D755D9 /* Base */,
			);
			name = Main.storyboard;
			sourceTree = "<group>";
		};
		D23FF0D325AD9B5500D755D9 /* LaunchScreen.storyboard */ = {
			isa = PBXVariantGroup;
			children = (
				D23FF0D425AD9B5500D755D9 /* Base */,
			);
			name = LaunchScreen.storyboard;
			sourceTree = "<group>";
		};
/* End PBXVariantGroup section */

/* Begin XCBuildConfiguration section */
		D23FF0D725AD9B5500D755D9 /* Debug */ = {
			isa = XCBuildConfiguration;
			baseConfigurationReference = FDA51E120C1B81C21A0944C2 /* Pods-SwiftCollectionsDemo.debug.xcconfig */;
			buildSettings = {
				ALWAYS_EMBED_SWIFT_STANDARD_LIBRARIES = "$(inherited)";
				ASSETCATALOG_COMPILER_APPICON_NAME = AppIcon;
				ASSETCATALOG_COMPILER_GLOBAL_ACCENT_COLOR_NAME = AccentColor;
				CLANG_OPTIMIZATION_PROFILE_FILE = "$(SRCROOT)/OptimizationProfiles/$(PRODUCT_NAME).profdata";
				CLANG_WARN_QUOTED_INCLUDE_IN_FRAMEWORK_HEADER = "$(inherited)";
				CODE_SIGN_ENTITLEMENTS = "$(TARGET_NAME)/SupportingFiles/${TARGET_NAME).entitlements";
				CODE_SIGN_STYLE = Automatic;
				DEVELOPMENT_TEAM = YRP6XS539A;
				INFOPLIST_FILE = "$(TARGET_NAME)/SupportingFiles/Info.plist";
				IPHONEOS_DEPLOYMENT_TARGET = 13.0;
				LD_RUNPATH_SEARCH_PATHS = (
					"$(inherited)",
					"@executable_path/Frameworks",
				);
				PRODUCT_BUNDLE_IDENTIFIER = com.baldstudio.SwiftCollectionsDemo;
				PRODUCT_MODULE_NAME = "$(PRODUCT_NAME)";
				PRODUCT_NAME = "$(TARGET_NAME)";
				SUPPORTS_MACCATALYST = NO;
				SWIFT_VERSION = 5.0;
				TARGETED_DEVICE_FAMILY = 1;
			};
			name = Debug;
		};
		D23FF0D825AD9B5500D755D9 /* Release */ = {
			isa = XCBuildConfiguration;
			baseConfigurationReference = 3F886D1648B465A6C0ECA79B /* Pods-SwiftCollectionsDemo.release.xcconfig */;
			buildSettings = {
				ALWAYS_EMBED_SWIFT_STANDARD_LIBRARIES = "$(inherited)";
				ASSETCATALOG_COMPILER_APPICON_NAME = AppIcon;
				ASSETCATALOG_COMPILER_GLOBAL_ACCENT_COLOR_NAME = AccentColor;
				CLANG_OPTIMIZATION_PROFILE_FILE = "$(SRCROOT)/OptimizationProfiles/$(PRODUCT_NAME).profdata";
				CLANG_WARN_QUOTED_INCLUDE_IN_FRAMEWORK_HEADER = "$(inherited)";
				CODE_SIGN_ENTITLEMENTS = "$(TARGET_NAME)/SupportingFiles/${TARGET_NAME).entitlements";
				CODE_SIGN_STYLE = Automatic;
				DEVELOPMENT_TEAM = YRP6XS539A;
				INFOPLIST_FILE = "$(TARGET_NAME)/SupportingFiles/Info.plist";
				IPHONEOS_DEPLOYMENT_TARGET = 13.0;
				LD_RUNPATH_SEARCH_PATHS = (
					"$(inherited)",
					"@executable_path/Frameworks",
				);
				PRODUCT_BUNDLE_IDENTIFIER = com.baldstudio.SwiftCollectionsDemo;
				PRODUCT_MODULE_NAME = "$(PRODUCT_NAME)";
				PRODUCT_NAME = "$(TARGET_NAME)";
				SUPPORTS_MACCATALYST = NO;
				SWIFT_VERSION = 5.0;
				TARGETED_DEVICE_FAMILY = 1;
			};
			name = Release;
		};
		D23FF0E925AD9C5600D755D9 /* Debug */ = {
			isa = XCBuildConfiguration;
			baseConfigurationReference = 6E85C0BA8996F3206C20DC13 /* Pods-SwiftCollectionsTests.debug.xcconfig */;
			buildSettings = {
				CLANG_OPTIMIZATION_PROFILE_FILE = "$(SRCROOT)/OptimizationProfiles/$(PRODUCT_NAME).profdata";
				CLANG_WARN_QUOTED_INCLUDE_IN_FRAMEWORK_HEADER = "$(inherited)";
				CODE_SIGN_STYLE = Automatic;
				DEVELOPMENT_TEAM = YRP6XS539A;
				INFOPLIST_FILE = "$(TARGET_NAME)/SupportingFiles/Info.plist";
				IPHONEOS_DEPLOYMENT_TARGET = 13.0;
				LD_RUNPATH_SEARCH_PATHS = (
					"$(inherited)",
					"@executable_path/Frameworks",
					"@loader_path/Frameworks",
				);
				PRODUCT_BUNDLE_IDENTIFIER = com.baldstudio.SwiftCollectionsTests;
				PRODUCT_MODULE_NAME = "$(PRODUCT_NAME)";
				PRODUCT_NAME = "$(TARGET_NAME)";
				SWIFT_VERSION = 5.0;
				TARGETED_DEVICE_FAMILY = "1,2";
				TEST_HOST = "$(BUILT_PRODUCTS_DIR)/SwiftCollectionsDemo.app/$(BUNDLE_EXECUTABLE_FOLDER_PATH)/SwiftCollectionsDemo";
				VERSIONING_SYSTEM = "apple-generic";
			};
			name = Debug;
		};
		D23FF0EA25AD9C5600D755D9 /* Release */ = {
			isa = XCBuildConfiguration;
			baseConfigurationReference = B34FFAA8DDB8308943B31C50 /* Pods-SwiftCollectionsTests.release.xcconfig */;
			buildSettings = {
				CLANG_OPTIMIZATION_PROFILE_FILE = "$(SRCROOT)/OptimizationProfiles/$(PRODUCT_NAME).profdata";
				CLANG_WARN_QUOTED_INCLUDE_IN_FRAMEWORK_HEADER = "$(inherited)";
				CODE_SIGN_STYLE = Automatic;
				DEVELOPMENT_TEAM = YRP6XS539A;
				INFOPLIST_FILE = "$(TARGET_NAME)/SupportingFiles/Info.plist";
				IPHONEOS_DEPLOYMENT_TARGET = 13.0;
				LD_RUNPATH_SEARCH_PATHS = (
					"$(inherited)",
					"@executable_path/Frameworks",
					"@loader_path/Frameworks",
				);
				PRODUCT_BUNDLE_IDENTIFIER = com.baldstudio.SwiftCollectionsTests;
				PRODUCT_MODULE_NAME = "$(PRODUCT_NAME)";
				PRODUCT_NAME = "$(TARGET_NAME)";
				SWIFT_VERSION = 5.0;
				TARGETED_DEVICE_FAMILY = "1,2";
				TEST_HOST = "$(BUILT_PRODUCTS_DIR)/SwiftCollectionsDemo.app/$(BUNDLE_EXECUTABLE_FOLDER_PATH)/SwiftCollectionsDemo";
				VERSIONING_SYSTEM = "apple-generic";
			};
			name = Release;
		};
		D27A8A2325203F1A006A6125 /* Debug */ = {
			isa = XCBuildConfiguration;
			buildSettings = {
				ALWAYS_SEARCH_USER_PATHS = NO;
				ASSETCATALOG_COMPILER_OPTIMIZATION = space;
				CLANG_ANALYZER_NONNULL = YES;
				CLANG_ANALYZER_NUMBER_OBJECT_CONVERSION = YES_AGGRESSIVE;
				CLANG_CXX_LANGUAGE_STANDARD = "gnu++14";
				CLANG_CXX_LIBRARY = "libc++";
				CLANG_ENABLE_MODULES = YES;
				CLANG_ENABLE_OBJC_ARC = YES;
				CLANG_ENABLE_OBJC_WEAK = YES;
				CLANG_WARN_BLOCK_CAPTURE_AUTORELEASING = YES;
				CLANG_WARN_BOOL_CONVERSION = YES;
				CLANG_WARN_COMMA = YES;
				CLANG_WARN_CONSTANT_CONVERSION = YES;
				CLANG_WARN_DEPRECATED_OBJC_IMPLEMENTATIONS = YES;
				CLANG_WARN_DIRECT_OBJC_ISA_USAGE = YES_ERROR;
				CLANG_WARN_DOCUMENTATION_COMMENTS = YES;
				CLANG_WARN_EMPTY_BODY = YES;
				CLANG_WARN_ENUM_CONVERSION = YES;
				CLANG_WARN_INFINITE_RECURSION = YES;
				CLANG_WARN_INT_CONVERSION = YES;
				CLANG_WARN_NON_LITERAL_NULL_CONVERSION = YES;
				CLANG_WARN_OBJC_IMPLICIT_RETAIN_SELF = YES;
				CLANG_WARN_OBJC_LITERAL_CONVERSION = YES;
				CLANG_WARN_OBJC_ROOT_CLASS = YES_ERROR;
				CLANG_WARN_QUOTED_INCLUDE_IN_FRAMEWORK_HEADER = YES;
				CLANG_WARN_RANGE_LOOP_ANALYSIS = YES;
				CLANG_WARN_STRICT_PROTOTYPES = YES;
				CLANG_WARN_SUSPICIOUS_MOVE = YES;
				CLANG_WARN_UNGUARDED_AVAILABILITY = YES_AGGRESSIVE;
				CLANG_WARN_UNREACHABLE_CODE = YES;
				CLANG_WARN__DUPLICATE_METHOD_MATCH = YES;
				COPY_PHASE_STRIP = NO;
				CURRENT_PROJECT_VERSION = 1;
				DEBUG_INFORMATION_FORMAT = dwarf;
				ENABLE_STRICT_OBJC_MSGSEND = YES;
				ENABLE_TESTABILITY = YES;
				GCC_C_LANGUAGE_STANDARD = gnu11;
				GCC_DYNAMIC_NO_PIC = NO;
				GCC_NO_COMMON_BLOCKS = YES;
				GCC_OPTIMIZATION_LEVEL = 0;
				GCC_PREPROCESSOR_DEFINITIONS = (
					"DEBUG=1",
					"$(inherited)",
				);
				GCC_WARN_64_TO_32_BIT_CONVERSION = YES;
				GCC_WARN_ABOUT_RETURN_TYPE = YES_ERROR;
				GCC_WARN_UNDECLARED_SELECTOR = YES;
				GCC_WARN_UNINITIALIZED_AUTOS = YES_AGGRESSIVE;
				GCC_WARN_UNUSED_FUNCTION = YES;
				GCC_WARN_UNUSED_VARIABLE = YES;
				IPHONEOS_DEPLOYMENT_TARGET = 13.0;
				MTL_ENABLE_DEBUG_INFO = INCLUDE_SOURCE;
				MTL_FAST_MATH = YES;
				ONLY_ACTIVE_ARCH = YES;
				SDKROOT = iphoneos;
				SWIFT_ACTIVE_COMPILATION_CONDITIONS = DEBUG;
				SWIFT_OPTIMIZATION_LEVEL = "-Onone";
				VERSIONING_SYSTEM = "apple-generic";
				VERSION_INFO_PREFIX = "";
			};
			name = Debug;
		};
		D27A8A2425203F1A006A6125 /* Release */ = {
			isa = XCBuildConfiguration;
			buildSettings = {
				ALWAYS_SEARCH_USER_PATHS = NO;
				ASSETCATALOG_COMPILER_OPTIMIZATION = space;
				CLANG_ANALYZER_NONNULL = YES;
				CLANG_ANALYZER_NUMBER_OBJECT_CONVERSION = YES_AGGRESSIVE;
				CLANG_CXX_LANGUAGE_STANDARD = "gnu++14";
				CLANG_CXX_LIBRARY = "libc++";
				CLANG_ENABLE_MODULES = YES;
				CLANG_ENABLE_OBJC_ARC = YES;
				CLANG_ENABLE_OBJC_WEAK = YES;
				CLANG_WARN_BLOCK_CAPTURE_AUTORELEASING = YES;
				CLANG_WARN_BOOL_CONVERSION = YES;
				CLANG_WARN_COMMA = YES;
				CLANG_WARN_CONSTANT_CONVERSION = YES;
				CLANG_WARN_DEPRECATED_OBJC_IMPLEMENTATIONS = YES;
				CLANG_WARN_DIRECT_OBJC_ISA_USAGE = YES_ERROR;
				CLANG_WARN_DOCUMENTATION_COMMENTS = YES;
				CLANG_WARN_EMPTY_BODY = YES;
				CLANG_WARN_ENUM_CONVERSION = YES;
				CLANG_WARN_INFINITE_RECURSION = YES;
				CLANG_WARN_INT_CONVERSION = YES;
				CLANG_WARN_NON_LITERAL_NULL_CONVERSION = YES;
				CLANG_WARN_OBJC_IMPLICIT_RETAIN_SELF = YES;
				CLANG_WARN_OBJC_LITERAL_CONVERSION = YES;
				CLANG_WARN_OBJC_ROOT_CLASS = YES_ERROR;
				CLANG_WARN_QUOTED_INCLUDE_IN_FRAMEWORK_HEADER = YES;
				CLANG_WARN_RANGE_LOOP_ANALYSIS = YES;
				CLANG_WARN_STRICT_PROTOTYPES = YES;
				CLANG_WARN_SUSPICIOUS_MOVE = YES;
				CLANG_WARN_UNGUARDED_AVAILABILITY = YES_AGGRESSIVE;
				CLANG_WARN_UNREACHABLE_CODE = YES;
				CLANG_WARN__DUPLICATE_METHOD_MATCH = YES;
				COPY_PHASE_STRIP = NO;
				CURRENT_PROJECT_VERSION = 1;
				DEBUG_INFORMATION_FORMAT = "dwarf-with-dsym";
				ENABLE_NS_ASSERTIONS = NO;
				ENABLE_STRICT_OBJC_MSGSEND = YES;
				GCC_C_LANGUAGE_STANDARD = gnu11;
				GCC_NO_COMMON_BLOCKS = YES;
				GCC_OPTIMIZATION_LEVEL = z;
				GCC_WARN_64_TO_32_BIT_CONVERSION = YES;
				GCC_WARN_ABOUT_RETURN_TYPE = YES_ERROR;
				GCC_WARN_UNDECLARED_SELECTOR = YES;
				GCC_WARN_UNINITIALIZED_AUTOS = YES_AGGRESSIVE;
				GCC_WARN_UNUSED_FUNCTION = YES;
				GCC_WARN_UNUSED_VARIABLE = YES;
				IPHONEOS_DEPLOYMENT_TARGET = 13.0;
				MTL_ENABLE_DEBUG_INFO = NO;
				MTL_FAST_MATH = YES;
				SDKROOT = iphoneos;
				SWIFT_COMPILATION_MODE = wholemodule;
				SWIFT_OPTIMIZATION_LEVEL = "-Osize";
				VALIDATE_PRODUCT = YES;
				VERSIONING_SYSTEM = "apple-generic";
				VERSION_INFO_PREFIX = "";
			};
			name = Release;
		};
		D27A8A2625203F1A006A6125 /* Debug */ = {
			isa = XCBuildConfiguration;
			baseConfigurationReference = BCD020995E13F399921017F5 /* Pods-SwiftCollections.debug.xcconfig */;
			buildSettings = {
				ALWAYS_EMBED_SWIFT_STANDARD_LIBRARIES = "$(inherited)";
				BUILD_LIBRARY_FOR_DISTRIBUTION = YES;
				CLANG_CXX_LIBRARY = "compiler-default";
				CLANG_ENABLE_MODULES = YES;
				CODE_SIGNING_ALLOWED = NO;
				CODE_SIGNING_REQUIRED = NO;
				CODE_SIGN_IDENTITY = "Apple Development";
				CODE_SIGN_STYLE = Automatic;
				CURRENT_PROJECT_VERSION = 0.0.1.1;
				DEFINES_MODULE = YES;
				DEVELOPMENT_TEAM = YRP6XS539A;
				DYLIB_COMPATIBILITY_VERSION = 1;
				DYLIB_CURRENT_VERSION = 1;
				DYLIB_INSTALL_NAME_BASE = "@rpath";
				ENABLE_MODULE_VERIFIER = YES;
				INFOPLIST_FILE = "$(TARGET_NAME)/SupportingFiles/Info.plist";
				INSTALL_PATH = "$(LOCAL_LIBRARY_DIR)/Frameworks";
				IPHONEOS_DEPLOYMENT_TARGET = 13.0;
				LD_RUNPATH_SEARCH_PATHS = (
					"$(inherited)",
					"@executable_path/Frameworks",
					"@loader_path/Frameworks",
				);
				MACH_O_TYPE = staticlib;
				MARKETING_VERSION = 0.0.1;
				MODULE_VERIFIER_SUPPORTED_LANGUAGES = "objective-c objective-c++";
				MODULE_VERIFIER_SUPPORTED_LANGUAGE_STANDARDS = "gnu11 gnu++14";
				PRODUCT_BUNDLE_IDENTIFIER = com.baldstudio.SwiftCollections;
				PRODUCT_MODULE_NAME = SwiftCollections;
				PRODUCT_NAME = SwiftCollections;
				SKIP_INSTALL = YES;
				SUPPORTS_MACCATALYST = NO;
				SWIFT_OPTIMIZATION_LEVEL = "-Onone";
				SWIFT_VERSION = 5.0;
				TARGETED_DEVICE_FAMILY = 1;
				UNLOCALIZED_RESOURCES_FOLDER_PATH = "$(FULL_PRODUCT_NAME)/Resources";
				VERSIONING_SYSTEM = "";
			};
			name = Debug;
		};
		D27A8A2725203F1A006A6125 /* Release */ = {
			isa = XCBuildConfiguration;
			baseConfigurationReference = 7460133C65F240D8C6E13D6C /* Pods-SwiftCollections.release.xcconfig */;
			buildSettings = {
				ALWAYS_EMBED_SWIFT_STANDARD_LIBRARIES = "$(inherited)";
				BUILD_LIBRARY_FOR_DISTRIBUTION = YES;
				CLANG_CXX_LIBRARY = "compiler-default";
				CLANG_ENABLE_MODULES = YES;
				CODE_SIGNING_ALLOWED = NO;
				CODE_SIGNING_REQUIRED = NO;
				CODE_SIGN_IDENTITY = "Apple Development";
				CODE_SIGN_STYLE = Automatic;
				CURRENT_PROJECT_VERSION = 0.0.1.1;
				DEFINES_MODULE = YES;
				DEVELOPMENT_TEAM = YRP6XS539A;
				DYLIB_COMPATIBILITY_VERSION = 1;
				DYLIB_CURRENT_VERSION = 1;
				DYLIB_INSTALL_NAME_BASE = "@rpath";
				ENABLE_MODULE_VERIFIER = YES;
				INFOPLIST_FILE = "$(TARGET_NAME)/SupportingFiles/Info.plist";
				INSTALL_PATH = "$(LOCAL_LIBRARY_DIR)/Frameworks";
				IPHONEOS_DEPLOYMENT_TARGET = 13.0;
				LD_RUNPATH_SEARCH_PATHS = (
					"$(inherited)",
					"@executable_path/Frameworks",
					"@loader_path/Frameworks",
				);
				MACH_O_TYPE = staticlib;
				MARKETING_VERSION = 0.0.1;
				MODULE_VERIFIER_SUPPORTED_LANGUAGES = "objective-c objective-c++";
				MODULE_VERIFIER_SUPPORTED_LANGUAGE_STANDARDS = "gnu11 gnu++14";
				PRODUCT_BUNDLE_IDENTIFIER = com.baldstudio.SwiftCollections;
				PRODUCT_MODULE_NAME = SwiftCollections;
				PRODUCT_NAME = SwiftCollections;
				SKIP_INSTALL = YES;
				SUPPORTS_MACCATALYST = NO;
				SWIFT_VERSION = 5.0;
				TARGETED_DEVICE_FAMILY = 1;
				UNLOCALIZED_RESOURCES_FOLDER_PATH = "$(FULL_PRODUCT_NAME)/Resources";
				VERSIONING_SYSTEM = "";
			};
			name = Release;
		};
/* End XCBuildConfiguration section */

/* Begin XCConfigurationList section */
		D23FF0D925AD9B5500D755D9 /* Build configuration list for PBXNativeTarget "SwiftCollectionsDemo" */ = {
			isa = XCConfigurationList;
			buildConfigurations = (
				D23FF0D725AD9B5500D755D9 /* Debug */,
				D23FF0D825AD9B5500D755D9 /* Release */,
			);
			defaultConfigurationIsVisible = 0;
			defaultConfigurationName = Release;
		};
		D23FF0E825AD9C5600D755D9 /* Build configuration list for PBXNativeTarget "SwiftCollectionsTests" */ = {
			isa = XCConfigurationList;
			buildConfigurations = (
				D23FF0E925AD9C5600D755D9 /* Debug */,
				D23FF0EA25AD9C5600D755D9 /* Release */,
			);
			defaultConfigurationIsVisible = 0;
			defaultConfigurationName = Release;
		};
		D27A8A1725203F1A006A6125 /* Build configuration list for PBXProject "SwiftCollections" */ = {
			isa = XCConfigurationList;
			buildConfigurations = (
				D27A8A2325203F1A006A6125 /* Debug */,
				D27A8A2425203F1A006A6125 /* Release */,
			);
			defaultConfigurationIsVisible = 0;
			defaultConfigurationName = Release;
		};
		D27A8A2525203F1A006A6125 /* Build configuration list for PBXNativeTarget "SwiftCollections" */ = {
			isa = XCConfigurationList;
			buildConfigurations = (
				D27A8A2625203F1A006A6125 /* Debug */,
				D27A8A2725203F1A006A6125 /* Release */,
			);
			defaultConfigurationIsVisible = 0;
			defaultConfigurationName = Release;
		};
/* End XCConfigurationList section */
	};
	rootObject = D27A8A1425203F1A006A6125 /* Project object */;
}
